
Microsoft Visual Studio Solution File, Format Version 12.00
# Visual Studio 15
Project("{FAE04EC0-301F-11D3-BF4B-00C04F79EFBC}") = "Assembly-CSharp-firstpass", "Assembly-CSharp-firstpass.csproj", "{20417B8E-7C79-E9C6-54B6-BEBEE6ABA59A}"
EndProject
Project("{FAE04EC0-301F-11D3-BF4B-00C04F79EFBC}") = "Assembly-CSharp", "Assembly-CSharp.csproj", "{1192C261-97CF-D609-3B44-AA70AA9D4295}"
EndProject
Project("{FAE04EC0-301F-11D3-BF4B-00C04F79EFBC}") = "Assembly-CSharp-Editor", "Assembly-CSharp-Editor.csproj", "{A2BBF9D5-B0E9-BDAA-C0D1-3AD113742B50}"
EndProject
Project("{FAE04EC0-301F-11D3-BF4B-00C04F79EFBC}") = "Assembly-CSharp-Editor-firstpass", "Assembly-CSharp-Editor-firstpass.csproj", "{B3D80E4A-238E-19A2-295C-A49852319DB4}"
EndProject
Global
	GlobalSection(SolutionConfigurationPlatforms) = preSolution
		Debug|Any CPU = Debug|Any CPU
		Release|Any CPU = Release|Any CPU
	EndGlobalSection
	GlobalSection(ProjectConfigurationPlatforms) = postSolution
		{20417B8E-7C79-E9C6-54B6-BEBEE6ABA59A}.Debug|Any CPU.ActiveCfg = Debug|Any CPU
		{20417B8E-7C79-E9C6-54B6-BEBEE6ABA59A}.Debug|Any CPU.Build.0 = Debug|Any CPU
		{20417B8E-7C79-E9C6-54B6-BEBEE6ABA59A}.Release|Any CPU.ActiveCfg = Release|Any CPU
		{20417B8E-7C79-E9C6-54B6-BEBEE6ABA59A}.Release|Any CPU.Build.0 = Release|Any CPU
		{1192C261-97CF-D609-3B44-AA70AA9D4295}.Debug|Any CPU.ActiveCfg = Debug|Any CPU
		{1192C261-97CF-D609-3B44-AA70AA9D4295}.Debug|Any CPU.Build.0 = Debug|Any CPU
		{1192C261-97CF-D609-3B44-AA70AA9D4295}.Release|Any CPU.ActiveCfg = Release|Any CPU
		{1192C261-97CF-D609-3B44-AA70AA9D4295}.Release|Any CPU.Build.0 = Release|Any CPU
		{A2BBF9D5-B0E9-BDAA-C0D1-3AD113742B50}.Debug|Any CPU.ActiveCfg = Debug|Any CPU
		{A2BBF9D5-B0E9-BDAA-C0D1-3AD113742B50}.Debug|Any CPU.Build.0 = Debug|Any CPU
		{A2BBF9D5-B0E9-BDAA-C0D1-3AD113742B50}.Release|Any CPU.ActiveCfg = Release|Any CPU
		{A2BBF9D5-B0E9-BDAA-C0D1-3AD113742B50}.Release|Any CPU.Build.0 = Release|Any CPU
		{B3D80E4A-238E-19A2-295C-A49852319DB4}.Debug|Any CPU.ActiveCfg = Debug|Any CPU
		{B3D80E4A-238E-19A2-295C-A49852319DB4}.Debug|Any CPU.Build.0 = Debug|Any CPU
		{B3D80E4A-238E-19A2-295C-A49852319DB4}.Release|Any CPU.ActiveCfg = Release|Any CPU
		{B3D80E4A-238E-19A2-295C-A49852319DB4}.Release|Any CPU.Build.0 = Release|Any CPU
	EndGlobalSection
	GlobalSection(SolutionProperties) = preSolution
		HideSolutionNode = FALSE
	EndGlobalSection
EndGlobal
